{
  "lockfileVersion": 1,
  "configVersion": 1,
  "workspaces": {
    "": {
      "name": "example",
      "devDependencies": {
        "@swc/core": "^1.15.18",
        "@types/bun": "^1.3.9",
        "@types/node": "^25.5.0",
        "mitata": "^1.0.34",
        "oxc-transform": "^0.112.0",
        "oxfmt": "^0.32.0",
        "picocolors": "^1.1.1",
        "typescript": "^5.9.3",
      },
    },
  },
  "trustedDependencies": [
    "@swc/core",
  ],
  "packages": {
    "@emnapi/core": ["@emnapi/core@1.7.1", "", { "dependencies": { "@emnapi/wasi-threads": "1.1.0", "tslib": "^2.4.0" } }, "sha512-o1uhUASyo921r2XtHYOHy7gdkGLge8ghBEQHMWmyJFoXlpU58kIrhhN3w26lpQb6dspetweapMn2CSNwQ8I4wg=="],

    "@emnapi/runtime": ["@emnapi/runtime@1.7.1", "", { "dependencies": { "tslib": "^2.4.0" } }, "sha512-PVtJr5CmLwYAU9PZDMITZoR5iAOShYREoR45EyyLrbntV50mdePTgUn4AmOw90Ifcj+x2kRjdzr1HP3RrNiHGA=="],

    "@emnapi/wasi-threads": ["@emnapi/wasi-threads@1.1.0", "", { "dependencies": { "tslib": "^2.4.0" } }, "sha512-WI0DdZ8xFSbgMjR1sFsKABJ/C5OnRrjT06JXbZKexJGrDuPTzZdDYfFlsgcCXCyf+suG5QU2e/y1Wo2V/OapLQ=="],

    "@napi-rs/wasm-runtime": ["@napi-rs/wasm-runtime@1.1.1", "", { "dependencies": { "@emnapi/core": "^1.7.1", "@emnapi/runtime": "^1.7.1", "@tybys/wasm-util": "^0.10.1" } }, "sha512-p64ah1M1ld8xjWv3qbvFwHiFVWrq1yFvV4f7w+mzaqiR4IlSgkqhcRdHwsGgomwzBH51sRY4NEowLxnaBjcW/A=="],

    "@oxc-transform/binding-android-arm-eabi": ["@oxc-transform/binding-android-arm-eabi@0.112.0", "", { "os": "android", "cpu": "arm" }, "sha512-r4LuBaPnOAi0eUOBNi880Fm2tO2omH7N1FRrL6+nyz/AjQ+QPPLtoyZJva0O+sKi1buyN/7IzM5p9m+5ANSDbg=="],

    "@oxc-transform/binding-android-arm64": ["@oxc-transform/binding-android-arm64@0.112.0", "", { "os": "android", "cpu": "arm64" }, "sha512-ve46vQcQrY8eGe8990VSlS9gkD+AogJqbtfOkeua+5sQGQTDgeIRRxOm7ktCo19uZc2bEBwXRJITgosd+NRVmQ=="],

    "@oxc-transform/binding-darwin-arm64": ["@oxc-transform/binding-darwin-arm64@0.112.0", "", { "os": "darwin", "cpu": "arm64" }, "sha512-ddbmLU3Tr+i7MOynfwAXxUXud3SjJKlv7XNjaq08qiI8Av/QvhXVGc2bMhXkWQSMSBUeTDoiughKjK+Zsb6y/A=="],

    "@oxc-transform/binding-darwin-x64": ["@oxc-transform/binding-darwin-x64@0.112.0", "", { "os": "darwin", "cpu": "x64" }, "sha512-TKvmNw96jQZPqYb4pRrzLFDailNB3YS14KNn+x2hwRbqc6CqY96S9PYwyOpVpYdxfoRjYO9WgX9SoS+62a1DPA=="],

    "@oxc-transform/binding-freebsd-x64": ["@oxc-transform/binding-freebsd-x64@0.112.0", "", { "os": "freebsd", "cpu": "x64" }, "sha512-YPMkSCDaelO8HHYRMYjm+Q+IfkfIbdtQzwPuasItYkq8UUkNeHNPheNh2JkvQa3c+io3E9ePOgHQ2yihpk7o/Q=="],

    "@oxc-transform/binding-linux-arm-gnueabihf": ["@oxc-transform/binding-linux-arm-gnueabihf@0.112.0", "", { "os": "linux", "cpu": "arm" }, "sha512-nA7kzQGNEpuTRknst/IJ3l8hqmDmEda3aun6jkXgp7gKxESjuHeaNH04mKISxvJ7fIacvP2g/wtTSnm4u5jL8Q=="],

    "@oxc-transform/binding-linux-arm-musleabihf": ["@oxc-transform/binding-linux-arm-musleabihf@0.112.0", "", { "os": "linux", "cpu": "arm" }, "sha512-w8GuLmckKlGc3YujaZKhtbFxziCcosvM2l9GnQjCb/yENWLGDiyQOy0BTAgPGdJwpYTiOeJblEXSuXYvlE1Ong=="],

    "@oxc-transform/binding-linux-arm64-gnu": ["@oxc-transform/binding-linux-arm64-gnu@0.112.0", "", { "os": "linux", "cpu": "arm64" }, "sha512-9LwwGnJ8+WT0rXcrI8M0RJtDNt91eMqcDPPEvJxhRFHIMcHTy5D5xT+fOl3Us0yMqKo3HUWkbfUYqAp4GoZ3Jw=="],

    "@oxc-transform/binding-linux-arm64-musl": ["@oxc-transform/binding-linux-arm64-musl@0.112.0", "", { "os": "linux", "cpu": "arm64" }, "sha512-Lg6VOuSd3oXv7J0eGywgqh/086h+qQzIBOD+47pYKMTTJcbDe+f3h/RgGoMKJE5HhiwT5sH1aGEJfIfaYUiVSw=="],

    "@oxc-transform/binding-linux-ppc64-gnu": ["@oxc-transform/binding-linux-ppc64-gnu@0.112.0", "", { "os": "linux", "cpu": "ppc64" }, "sha512-PXzmj82o1moA4IGphYImTRgc2youTi4VRfyFX3CHwLjxPcQ5JtcsgbDt4QUdOzXZ+zC07s5jf2ZzhRapEOlj2w=="],

    "@oxc-transform/binding-linux-riscv64-gnu": ["@oxc-transform/binding-linux-riscv64-gnu@0.112.0", "", { "os": "linux", "cpu": "none" }, "sha512-vhJsMsVH/6xwa3bt1LGts33FXUkGjaEGDwsRyp4lIfOjSfQVWMtCmWMFNaA0dW9FVWdD2Gt2fSFBSZ+azDxlpg=="],

    "@oxc-transform/binding-linux-riscv64-musl": ["@oxc-transform/binding-linux-riscv64-musl@0.112.0", "", { "os": "linux", "cpu": "none" }, "sha512-cXWFb7z+2IjFUEcXtRwluq9oEG5qnyFCjiu3SWrgYNcWwPdHusv3I/7K5/CTbbi4StoZ5txbi7/iSfDHNyWuRw=="],

    "@oxc-transform/binding-linux-s390x-gnu": ["@oxc-transform/binding-linux-s390x-gnu@0.112.0", "", { "os": "linux", "cpu": "s390x" }, "sha512-eEFu4SRqJTJ20/88KRWmp+jpHKAw0Y1DsnSgpEeXyBIIcsOaLIUMU/TfYWUmqRbvbMV9rmOmI3kp5xWYUq6kSQ=="],

    "@oxc-transform/binding-linux-x64-gnu": ["@oxc-transform/binding-linux-x64-gnu@0.112.0", "", { "os": "linux", "cpu": "x64" }, "sha512-ST1MDT+TlOyZ1c5btrGinRSUW2Jf4Pa+0gdKwsyjDSOC3dxy2ZNkN3mosTf4ywc3J+mxfYKqtjs7zSwHz03ILA=="],

    "@oxc-transform/binding-linux-x64-musl": ["@oxc-transform/binding-linux-x64-musl@0.112.0", "", { "os": "linux", "cpu": "x64" }, "sha512-ISQoA3pD4cyTGpf9sXXeerH6pL2L6EIpdy6oAy2ttkswyVFDyQNVOVIGIdLZDgbpmqGljxZnWqt/J/N68pQaig=="],

    "@oxc-transform/binding-openharmony-arm64": ["@oxc-transform/binding-openharmony-arm64@0.112.0", "", { "os": "none", "cpu": "arm64" }, "sha512-UOGVrGIv7yLJovyEXEyUTADuLq98vd/cbMHFLJweRXD+11I8Tn4jASi4WzdsN8C3BVYGRHrXH2NlSBmhz33a4g=="],

    "@oxc-transform/binding-wasm32-wasi": ["@oxc-transform/binding-wasm32-wasi@0.112.0", "", { "dependencies": { "@napi-rs/wasm-runtime": "^1.1.1" }, "cpu": "none" }, "sha512-XIX7Gpq9koAvzBVHDlVFHM79r5uOVK6kTEsdsN4qaajpjkgtv4tdsAOKIYK6l7fUbsbE6xS+6w1+yRFrDeC1kg=="],

    "@oxc-transform/binding-win32-arm64-msvc": ["@oxc-transform/binding-win32-arm64-msvc@0.112.0", "", { "os": "win32", "cpu": "arm64" }, "sha512-EgXef9kOne9BNsbYBbuRqxk2hteT0xsAGcx/VbtCBMJYNj8fANFhT271DUSOgfa4DAgrQQmsyt/Kr1aV9mpU9w=="],

    "@oxc-transform/binding-win32-ia32-msvc": ["@oxc-transform/binding-win32-ia32-msvc@0.112.0", "", { "os": "win32", "cpu": "ia32" }, "sha512-6QaB0qjNaou2YR+blncHdw7j0e26IOwOIjLbhVGDeuf9+4rjJeiqRXJ2hOtCcS4zblnao/MjdgQuZ3fM0nl+Kw=="],

    "@oxc-transform/binding-win32-x64-msvc": ["@oxc-transform/binding-win32-x64-msvc@0.112.0", "", { "os": "win32", "cpu": "x64" }, "sha512-FRKYlY959QeqRPx9kXs0HjU2xuXPT1cdF+vvA200D9uAX/KLcC34MwRqUKTYml4kCc2Vf/P2pBR9cQuBm3zECQ=="],

    "@oxfmt/binding-android-arm-eabi": ["@oxfmt/binding-android-arm-eabi@0.32.0", "", { "os": "android", "cpu": "arm" }, "sha512-DpVyuVzgLH6/MvuB/YD3vXO9CN/o9EdRpA0zXwe/tagP6yfVSFkFWkPqTROdqp0mlzLH5Yl+/m+hOrcM601EbA=="],

    "@oxfmt/binding-android-arm64": ["@oxfmt/binding-android-arm64@0.32.0", "", { "os": "android", "cpu": "arm64" }, "sha512-w1cmNXf9zs0vKLuNgyUF3hZ9VUAS1hBmQGndYJv1OmcVqStBtRTRNxSWkWM0TMkrA9UbvIvM9gfN+ib4Wy6lkQ=="],

    "@oxfmt/binding-darwin-arm64": ["@oxfmt/binding-darwin-arm64@0.32.0", "", { "os": "darwin", "cpu": "arm64" }, "sha512-m6wQojz/hn94XdZugFPtdFbOvXbOSYEqPsR2gyLyID3BvcrC2QsJyT1o3gb4BZEGtZrG1NiKVGwDRLM0dHd2mg=="],

    "@oxfmt/binding-darwin-x64": ["@oxfmt/binding-darwin-x64@0.32.0", "", { "os": "darwin", "cpu": "x64" }, "sha512-hN966Uh6r3Erkg2MvRcrJWaB6QpBzP15rxWK/QtkUyD47eItJLsAQ2Hrm88zMIpFZ3COXZLuN3hqgSlUtvB0Xw=="],

    "@oxfmt/binding-freebsd-x64": ["@oxfmt/binding-freebsd-x64@0.32.0", "", { "os": "freebsd", "cpu": "x64" }, "sha512-g5UZPGt8tJj263OfSiDGdS54HPa0KgFfspLVAUivVSdoOgsk6DkwVS9nO16xQTDztzBPGxTvrby8WuufF0g86Q=="],

    "@oxfmt/binding-linux-arm-gnueabihf": ["@oxfmt/binding-linux-arm-gnueabihf@0.32.0", "", { "os": "linux", "cpu": "arm" }, "sha512-F4ZY83/PVQo9ZJhtzoMqbmjqEyTVEZjbaw4x1RhzdfUhddB41ZB2Vrt4eZi7b4a4TP85gjPRHgQBeO0c1jbtaw=="],

    "@oxfmt/binding-linux-arm-musleabihf": ["@oxfmt/binding-linux-arm-musleabihf@0.32.0", "", { "os": "linux", "cpu": "arm" }, "sha512-olR37eG16Lzdj9OBSvuoT5RxzgM5xfQEHm1OEjB3M7Wm4KWa5TDWIT13Aiy74GvAN77Hq1+kUKcGVJ/0ynf75g=="],

    "@oxfmt/binding-linux-arm64-gnu": ["@oxfmt/binding-linux-arm64-gnu@0.32.0", "", { "os": "linux", "cpu": "arm64" }, "sha512-eZhk6AIjRCDeLoXYBhMW7qq/R1YyVi+tGnGfc3kp7AZQrMsFaWtP/bgdCJCTNXMpbMwymtVz0qhSQvR5w2sKcg=="],

    "@oxfmt/binding-linux-arm64-musl": ["@oxfmt/binding-linux-arm64-musl@0.32.0", "", { "os": "linux", "cpu": "arm64" }, "sha512-UYiqO9MlipntFbdbUKOIo84vuyzrK4TVIs7Etat91WNMFSW54F6OnHq08xa5ZM+K9+cyYMgQPXvYCopuP+LyKw=="],

    "@oxfmt/binding-linux-ppc64-gnu": ["@oxfmt/binding-linux-ppc64-gnu@0.32.0", "", { "os": "linux", "cpu": "ppc64" }, "sha512-IDH/fxMv+HmKsMtsjEbXqhScCKDIYp38sgGEcn0QKeXMxrda67PPZA7HMfoUwEtFUG+jsO1XJxTrQsL+kQ90xQ=="],

    "@oxfmt/binding-linux-riscv64-gnu": ["@oxfmt/binding-linux-riscv64-gnu@0.32.0", "", { "os": "linux", "cpu": "none" }, "sha512-bQFGPDa0buYWJFeK2I7ah8wRZjrAgamaG2OAGv+Ua5UMYEnHxmHcv+r8lWUUrwP2oqQGvp1SB8JIVtBbYuAueQ=="],

    "@oxfmt/binding-linux-riscv64-musl": ["@oxfmt/binding-linux-riscv64-musl@0.32.0", "", { "os": "linux", "cpu": "none" }, "sha512-3vFp9DW1ItEKWltADzCFqG5N7rYFToT4ztlhg8wALoo2E2VhveLD88uAF4FF9AxD9NhgHDGmPCV+WZl/Qlj8cQ=="],

    "@oxfmt/binding-linux-s390x-gnu": ["@oxfmt/binding-linux-s390x-gnu@0.32.0", "", { "os": "linux", "cpu": "s390x" }, "sha512-Fub2y8S9ImuPzAzpbgkoz/EVTWFFBolxFZYCMRhRZc8cJZI2gl/NlZswqhvJd/U0Jopnwgm/OJ2x128vVzFFWA=="],

    "@oxfmt/binding-linux-x64-gnu": ["@oxfmt/binding-linux-x64-gnu@0.32.0", "", { "os": "linux", "cpu": "x64" }, "sha512-XufwsnV3BF81zO2ofZvhT4FFaMmLTzZEZnC9HpFz/quPeg9C948+kbLlZnsfjmp+1dUxKMCpfmRMqOfF4AOLsA=="],

    "@oxfmt/binding-linux-x64-musl": ["@oxfmt/binding-linux-x64-musl@0.32.0", "", { "os": "linux", "cpu": "x64" }, "sha512-u2f9tC2qYfikKmA2uGpnEJgManwmk0ZXWs5BB4ga4KDu2JNLdA3i634DGHeMLK9wY9+iRf3t7IYpgN3OVFrvDw=="],

    "@oxfmt/binding-openharmony-arm64": ["@oxfmt/binding-openharmony-arm64@0.32.0", "", { "os": "none", "cpu": "arm64" }, "sha512-5ZXb1wrdbZ1YFXuNXNUCePLlmLDy4sUt4evvzD4Cgumbup5wJgS9PIe5BOaLywUg9f1wTH6lwltj3oT7dFpIGA=="],

    "@oxfmt/binding-win32-arm64-msvc": ["@oxfmt/binding-win32-arm64-msvc@0.32.0", "", { "os": "win32", "cpu": "arm64" }, "sha512-IGSMm/Agq+IA0++aeAV/AGPfjcBdjrsajB5YpM3j7cMcwoYgUTi/k2YwAmsHH3ueZUE98pSM/Ise2J7HtyRjOA=="],

    "@oxfmt/binding-win32-ia32-msvc": ["@oxfmt/binding-win32-ia32-msvc@0.32.0", "", { "os": "win32", "cpu": "ia32" }, "sha512-H/9gsuqXmceWMsVoCPZhtJG2jLbnBeKr7xAXm2zuKpxLVF7/2n0eh7ocOLB6t+L1ARE76iORuUsRMnuGjj8FjQ=="],

    "@oxfmt/binding-win32-x64-msvc": ["@oxfmt/binding-win32-x64-msvc@0.32.0", "", { "os": "win32", "cpu": "x64" }, "sha512-fF8VIOeligq+mA6KfKvWtFRXbf0EFy73TdR6ZnNejdJRM8VWN1e3QFhYgIwD7O8jBrQsd7EJbUpkAr/YlUOokg=="],

    "@swc/core": ["@swc/core@1.15.21", "", { "dependencies": { "@swc/counter": "^0.1.3", "@swc/types": "^0.1.25" }, "optionalDependencies": { "@swc/core-darwin-arm64": "1.15.21", "@swc/core-darwin-x64": "1.15.21", "@swc/core-linux-arm-gnueabihf": "1.15.21", "@swc/core-linux-arm64-gnu": "1.15.21", "@swc/core-linux-arm64-musl": "1.15.21", "@swc/core-linux-ppc64-gnu": "1.15.21", "@swc/core-linux-s390x-gnu": "1.15.21", "@swc/core-linux-x64-gnu": "1.15.21", "@swc/core-linux-x64-musl": "1.15.21", "@swc/core-win32-arm64-msvc": "1.15.21", "@swc/core-win32-ia32-msvc": "1.15.21", "@swc/core-win32-x64-msvc": "1.15.21" }, "peerDependencies": { "@swc/helpers": ">=0.5.17" }, "optionalPeers": ["@swc/helpers"] }, "sha512-fkk7NJcBscrR3/F8jiqlMptRHP650NxqDnspBMrRe5d8xOoCy9MLL5kOBLFXjFLfMo3KQQHhk+/jUULOMlR1uQ=="],

    "@swc/core-darwin-arm64": ["@swc/core-darwin-arm64@1.15.21", "", { "os": "darwin", "cpu": "arm64" }, "sha512-SA8SFg9dp0qKRH8goWsax6bptFE2EdmPf2YRAQW9WoHGf3XKM1bX0nd5UdwxmC5hXsBUZAYf7xSciCler6/oyA=="],

    "@swc/core-darwin-x64": ["@swc/core-darwin-x64@1.15.21", "", { "os": "darwin", "cpu": "x64" }, "sha512-//fOVntgowz9+V90lVsNCtyyrtbHp3jWH6Rch7MXHXbcvbLmbCTmssl5DeedUWLLGiAAW1wksBdqdGYOTjaNLw=="],

    "@swc/core-linux-arm-gnueabihf": ["@swc/core-linux-arm-gnueabihf@1.15.21", "", { "os": "linux", "cpu": "arm" }, "sha512-meNI4Sh6h9h8DvIfEc0l5URabYMSuNvyisLmG6vnoYAS43s8ON3NJR8sDHvdP7NJTrLe0q/x2XCn6yL/BeHcZg=="],

    "@swc/core-linux-arm64-gnu": ["@swc/core-linux-arm64-gnu@1.15.21", "", { "os": "linux", "cpu": "arm64" }, "sha512-QrXlNQnHeXqU2EzLlnsPoWEh8/GtNJLvfMiPsDhk+ht6Xv8+vhvZ5YZ/BokNWSIZiWPKLAqR0M7T92YF5tmD3g=="],

    "@swc/core-linux-arm64-musl": ["@swc/core-linux-arm64-musl@1.15.21", "", { "os": "linux", "cpu": "arm64" }, "sha512-8/yGCMO333ultDaMQivE5CjO6oXDPeeg1IV4sphojPkb0Pv0i6zvcRIkgp60xDB+UxLr6VgHgt+BBgqS959E9g=="],

    "@swc/core-linux-ppc64-gnu": ["@swc/core-linux-ppc64-gnu@1.15.21", "", { "os": "linux", "cpu": "ppc64" }, "sha512-ucW0HzPx0s1dgRvcvuLSPSA/2Kk/VYTv9st8qe1Kc22Gu0Q0rH9+6TcBTmMuNIp0Xs4BPr1uBttmbO1wEGI49Q=="],

    "@swc/core-linux-s390x-gnu": ["@swc/core-linux-s390x-gnu@1.15.21", "", { "os": "linux", "cpu": "s390x" }, "sha512-ulTnOGc5I7YRObE/9NreAhQg94QkiR5qNhhcUZ1iFAYjzg/JGAi1ch+s/Ixe61pMIr8bfVrF0NOaB0f8wjaAfA=="],

    "@swc/core-linux-x64-gnu": ["@swc/core-linux-x64-gnu@1.15.21", "", { "os": "linux", "cpu": "x64" }, "sha512-D0RokxtM+cPvSqJIKR6uja4hbD+scI9ezo95mBhfSyLUs9wnPPl26sLp1ZPR/EXRdYm3F3S6RUtVi+8QXhT24Q=="],

    "@swc/core-linux-x64-musl": ["@swc/core-linux-x64-musl@1.15.21", "", { "os": "linux", "cpu": "x64" }, "sha512-nER8u7VeRfmU6fMDzl1NQAbbB/G7O2avmvCOwIul1uGkZ2/acbPH+DCL9h5+0yd/coNcxMBTL6NGepIew+7C2w=="],

    "@swc/core-win32-arm64-msvc": ["@swc/core-win32-arm64-msvc@1.15.21", "", { "os": "win32", "cpu": "arm64" }, "sha512-+/AgNBnjYugUA8C0Do4YzymgvnGbztv7j8HKSQLvR/DQgZPoXQ2B3PqB2mTtGh/X5DhlJWiqnunN35JUgWcAeQ=="],

    "@swc/core-win32-ia32-msvc": ["@swc/core-win32-ia32-msvc@1.15.21", "", { "os": "win32", "cpu": "ia32" }, "sha512-IkSZj8PX/N4HcaFhMQtzmkV8YSnuNoJ0E6OvMwFiOfejPhiKXvl7CdDsn1f4/emYEIDO3fpgZW9DTaCRMDxaDA=="],

    "@swc/core-win32-x64-msvc": ["@swc/core-win32-x64-msvc@1.15.21", "", { "os": "win32", "cpu": "x64" }, "sha512-zUyWso7OOENB6e1N1hNuNn8vbvLsTdKQ5WKLgt/JcBNfJhKy/6jmBmqI3GXk/MyvQKd5SLvP7A0F36p7TeDqvw=="],

    "@swc/counter": ["@swc/counter@0.1.3", "", {}, "sha512-e2BR4lsJkkRlKZ/qCHPw9ZaSxc0MVUd7gtbtaB7aMvHeJVYe8sOB8DBZkP2DtISHGSku9sCK6T6cnY0CtXrOCQ=="],

    "@swc/types": ["@swc/types@0.1.25", "", { "dependencies": { "@swc/counter": "^0.1.3" } }, "sha512-iAoY/qRhNH8a/hBvm3zKj9qQ4oc2+3w1unPJa2XvTK3XjeLXtzcCingVPw/9e5mn1+0yPqxcBGp9Jf0pkfMb1g=="],

    "@tybys/wasm-util": ["@tybys/wasm-util@0.10.1", "", { "dependencies": { "tslib": "^2.4.0" } }, "sha512-9tTaPJLSiejZKx+Bmog4uSubteqTvFrVrURwkmHixBo0G4seD0zUxp98E1DzUBJxLQ3NPwXrGKDiVjwx/DpPsg=="],

    "@types/bun": ["@types/bun@1.3.9", "", { "dependencies": { "bun-types": "1.3.9" } }, "sha512-KQ571yULOdWJiMH+RIWIOZ7B2RXQGpL1YQrBtLIV3FqDcCu6FsbFUBwhdKUlCKUpS3PJDsHlJ1QKlpxoVR+xtw=="],

    "@types/node": ["@types/node@25.5.0", "", { "dependencies": { "undici-types": "~7.18.0" } }, "sha512-jp2P3tQMSxWugkCUKLRPVUpGaL5MVFwF8RDuSRztfwgN1wmqJeMSbKlnEtQqU8UrhTmzEmZdu2I6v2dpp7XIxw=="],

    "bun-types": ["bun-types@1.3.9", "", { "dependencies": { "@types/node": "*" } }, "sha512-+UBWWOakIP4Tswh0Bt0QD0alpTY8cb5hvgiYeWCMet9YukHbzuruIEeXC2D7nMJPB12kbh8C7XJykSexEqGKJg=="],

    "mitata": ["mitata@1.0.34", "", {}, "sha512-Mc3zrtNBKIMeHSCQ0XqRLo1vbdIx1wvFV9c8NJAiyho6AjNfMY8bVhbS12bwciUdd1t4rj8099CH3N3NFahaUA=="],

    "oxc-transform": ["oxc-transform@0.112.0", "", { "optionalDependencies": { "@oxc-transform/binding-android-arm-eabi": "0.112.0", "@oxc-transform/binding-android-arm64": "0.112.0", "@oxc-transform/binding-darwin-arm64": "0.112.0", "@oxc-transform/binding-darwin-x64": "0.112.0", "@oxc-transform/binding-freebsd-x64": "0.112.0", "@oxc-transform/binding-linux-arm-gnueabihf": "0.112.0", "@oxc-transform/binding-linux-arm-musleabihf": "0.112.0", "@oxc-transform/binding-linux-arm64-gnu": "0.112.0", "@oxc-transform/binding-linux-arm64-musl": "0.112.0", "@oxc-transform/binding-linux-ppc64-gnu": "0.112.0", "@oxc-transform/binding-linux-riscv64-gnu": "0.112.0", "@oxc-transform/binding-linux-riscv64-musl": "0.112.0", "@oxc-transform/binding-linux-s390x-gnu": "0.112.0", "@oxc-transform/binding-linux-x64-gnu": "0.112.0", "@oxc-transform/binding-linux-x64-musl": "0.112.0", "@oxc-transform/binding-openharmony-arm64": "0.112.0", "@oxc-transform/binding-wasm32-wasi": "0.112.0", "@oxc-transform/binding-win32-arm64-msvc": "0.112.0", "@oxc-transform/binding-win32-ia32-msvc": "0.112.0", "@oxc-transform/binding-win32-x64-msvc": "0.112.0" } }, "sha512-cIRRvZgrHfsAHrkt8LWdAX4+Do8R0MzQSfeo9yzErzHeYiuyNiP4PCTPbOy/wBXL4MYzt3ebrBa5jt3akQkKAg=="],

    "oxfmt": ["oxfmt@0.32.0", "", { "dependencies": { "tinypool": "2.1.0" }, "optionalDependencies": { "@oxfmt/binding-android-arm-eabi": "0.32.0", "@oxfmt/binding-android-arm64": "0.32.0", "@oxfmt/binding-darwin-arm64": "0.32.0", "@oxfmt/binding-darwin-x64": "0.32.0", "@oxfmt/binding-freebsd-x64": "0.32.0", "@oxfmt/binding-linux-arm-gnueabihf": "0.32.0", "@oxfmt/binding-linux-arm-musleabihf": "0.32.0", "@oxfmt/binding-linux-arm64-gnu": "0.32.0", "@oxfmt/binding-linux-arm64-musl": "0.32.0", "@oxfmt/binding-linux-ppc64-gnu": "0.32.0", "@oxfmt/binding-linux-riscv64-gnu": "0.32.0", "@oxfmt/binding-linux-riscv64-musl": "0.32.0", "@oxfmt/binding-linux-s390x-gnu": "0.32.0", "@oxfmt/binding-linux-x64-gnu": "0.32.0", "@oxfmt/binding-linux-x64-musl": "0.32.0", "@oxfmt/binding-openharmony-arm64": "0.32.0", "@oxfmt/binding-win32-arm64-msvc": "0.32.0", "@oxfmt/binding-win32-ia32-msvc": "0.32.0", "@oxfmt/binding-win32-x64-msvc": "0.32.0" }, "bin": { "oxfmt": "bin/oxfmt" } }, "sha512-KArQhGzt/Y8M1eSAX98Y8DLtGYYDQhkR55THUPY5VNcpFQ+9nRZkL3ULXhagHMD2hIvjy8JSeEQEP5/yYJSrLA=="],

    "picocolors": ["picocolors@1.1.1", "", {}, "sha512-xceH2snhtb5M9liqDsmEw56le376mTZkEX/jEb/RxNFyegNul7eNslCXP9FDj/Lcu0X8KEyMceP2ntpaHrDEVA=="],

    "tinypool": ["tinypool@2.1.0", "", {}, "sha512-Pugqs6M0m7Lv1I7FtxN4aoyToKg1C4tu+/381vH35y8oENM/Ai7f7C4StcoK4/+BSw9ebcS8jRiVrORFKCALLw=="],

    "tslib": ["tslib@2.8.1", "", {}, "sha512-oJFu94HQb+KVduSUQL7wnpmqnfmLsOA/nAh6b6EH0wCEoK0/mPeXU6c3wKDV83MkOuHPRHtSXKKU99IBazS/2w=="],

    "typescript": ["typescript@5.9.3", "", { "bin": { "tsc": "bin/tsc", "tsserver": "bin/tsserver" } }, "sha512-jl1vZzPDinLr9eUt3J/t7V6FgNEw9QjvBPdysz9KfQDD41fQrC2Y4vKQdiaUpFT4bXlb1RHhLpp8wtm6M5TgSw=="],

    "undici-types": ["undici-types@7.18.2", "", {}, "sha512-AsuCzffGHJybSaRrmr5eHr81mwJU3kjw6M+uprWvCXiNeN9SOGwQ3Jn8jb8m3Z6izVgknn1R0FTCEAP2QrLY/w=="],

    "bun-types/@types/node": ["@types/node@24.10.1", "", { "dependencies": { "undici-types": "~7.16.0" } }, "sha512-GNWcUTRBgIRJD5zj+Tq0fKOJ5XZajIiBroOF0yvj2bSU1WvNdYS/dn9UxwsujGW4JX06dnHyjV2y9rRaybH0iQ=="],

    "bun-types/@types/node/undici-types": ["undici-types@7.16.0", "", {}, "sha512-Zz+aZWSj8LE6zoxD+xrjh4VfkIG8Ya6LvYkZqtUQGJPZjYl53ypCaUwWqo7eI0x66KBGeRo+mlBEkMSeSZ38Nw=="],
  }
}
